// !$*UTF8*$!
{
	archiveVersion = 1;
	classes = {
	};
	objectVersion = 56;
	objects = {

/* Begin PBXBuildFile section */
		032053EF29D9F8BF0022DA86 /* GRDBDemoApp.swift in Sources */ = {isa = PBXBuildFile; fileRef = 032053EE29D9F8BF0022DA86 /* GRDBDemoApp.swift */; };
		032053F129D9F8BF0022DA86 /* ContentView.swift in Sources */ = {isa = PBXBuildFile; fileRef = 032053F029D9F8BF0022DA86 /* ContentView.swift */; };
		032053F329D9F8C00022DA86 /* Assets.xcassets in Resources */ = {isa = PBXBuildFile; fileRef = 032053F229D9F8C00022DA86 /* Assets.xcassets */; };
		032053F629D9F8C00022DA86 /* Preview Assets.xcassets in Resources */ = {isa = PBXBuildFile; fileRef = 032053F529D9F8C00022DA86 /* Preview Assets.xcassets */; };
		0320540029D9F8C00022DA86 /* GRDBDemoTests.swift in Sources */ = {isa = PBXBuildFile; fileRef = 032053FF29D9F8C00022DA86 /* GRDBDemoTests.swift */; };
		0320540A29D9F8C00022DA86 /* GRDBDemoUITests.swift in Sources */ = {isa = PBXBuildFile; fileRef = 0320540929D9F8C00022DA86 /* GRDBDemoUITests.swift */; };
		0320540C29D9F8C00022DA86 /* GRDBDemoUITestsLaunchTests.swift in Sources */ = {isa = PBXBuildFile; fileRef = 0320540B29D9F8C00022DA86 /* GRDBDemoUITestsLaunchTests.swift */; };
/* End PBXBuildFile section */

/* Begin PBXContainerItemProxy section */
		032053FC29D9F8C00022DA86 /* PBXContainerItemProxy */ = {
			isa = PBXContainerItemProxy;
			containerPortal = 032053E329D9F8BF0022DA86 /* Project object */;
			proxyType = 1;
			remoteGlobalIDString = 032053EA29D9F8BF0022DA86;
			remoteInfo = GRDBDemo;
		};
		0320540629D9F8C00022DA86 /* PBXContainerItemProxy */ = {
			isa = PBXContainerItemProxy;
			containerPortal = 032053E329D9F8BF0022DA86 /* Project object */;
			proxyType = 1;
			remoteGlobalIDString = 032053EA29D9F8BF0022DA86;
			remoteInfo = GRDBDemo;
		};
/* End PBXContainerItemProxy section */

/* Begin PBXFileReference section */
		032053EB29D9F8BF0022DA86 /* GRDBDemo.app */ = {isa = PBXFileReference; explicitFileType = wrapper.application; includeInIndex = 0; path = GRDBDemo.app; sourceTree = BUILT_PRODUCTS_DIR; };
		032053EE29D9F8BF0022DA86 /* GRDBDemoApp.swift */ = {isa = PBXFileReference; lastKnownFileType = sourcecode.swift; path = GRDBDemoApp.swift; sourceTree = "<group>"; };
		032053F029D9F8BF0022DA86 /* ContentView.swift */ = {isa = PBXFileReference; lastKnownFileType = sourcecode.swift; path = ContentView.swift; sourceTree = "<group>"; };
		032053F229D9F8C00022DA86 /* Assets.xcassets */ = {isa = PBXFileReference; lastKnownFileType = folder.assetcatalog; path = Assets.xcassets; sourceTree = "<group>"; };
		032053F529D9F8C00022DA86 /* Preview Assets.xcassets */ = {isa = PBXFileReference; lastKnownFileType = folder.assetcatalog; path = "Preview Assets.xcassets"; sourceTree = "<group>"; };
		032053FB29D9F8C00022DA86 /* GRDBDemoTests.xctest */ = {isa = PBXFileReference; explicitFileType = wrapper.cfbundle; includeInIndex = 0; path = GRDBDemoTests.xctest; sourceTree = BUILT_PRODUCTS_DIR; };
		032053FF29D9F8C00022DA86 /* GRDBDemoTests.swift */ = {isa = PBXFileReference; lastKnownFileType = sourcecode.swift; path = GRDBDemoTests.swift; sourceTree = "<group>"; };
		0320540529D9F8C00022DA86 /* GRDBDemoUITests.xctest */ = {isa = PBXFileReference; explicitFileType = wrapper.cfbundle; includeInIndex = 0; path = GRDBDemoUITests.xctest; sourceTree = BUILT_PRODUCTS_DIR; };
		0320540929D9F8C00022DA86 /* GRDBDemoUITests.swift */ = {isa = PBXFileReference; lastKnownFileType = sourcecode.swift; path = GRDBDemoUITests.swift; sourceTree = "<group>"; };
		0320540B29D9F8C00022DA86 /* GRDBDemoUITestsLaunchTests.swift */ = {isa = PBXFileReference; lastKnownFileType = sourcecode.swift; path = GRDBDemoUITestsLaunchTests.swift; sourceTree = "<group>"; };
/* End PBXFileReference section */

/* Begin PBXFrameworksBuildPhase section */
		032053E829D9F8BF0022DA86 /* Frameworks */ = {
			isa = PBXFrameworksBuildPhase;
			buildActionMask = 2147483647;
			files = (
			);
			runOnlyForDeploymentPostprocessing = 0;
		};
		032053F829D9F8C00022DA86 /* Frameworks */ = {
			isa = PBXFrameworksBuildPhase;
			buildActionMask = 2147483647;
			files = (
			);
			runOnlyForDeploymentPostprocessing = 0;
		};
		0320540229D9F8C00022DA86 /* Frameworks */ = {
			isa = PBXFrameworksBuildPhase;
			buildActionMask = 2147483647;
			files = (
			);
			runOnlyForDeploymentPostprocessing = 0;
		};
/* End PBXFrameworksBuildPhase section */

/* Begin PBXGroup section */
		032053E229D9F8BF0022DA86 = {
			isa = PBXGroup;
			children = (
				032053ED29D9F8BF0022DA86 /* GRDBDemo */,
				032053FE29D9F8C00022DA86 /* GRDBDemoTests */,
				0320540829D9F8C00022DA86 /* GRDBDemoUITests */,
				032053EC29D9F8BF0022DA86 /* Products */,
			);
			sourceTree = "<group>";
		};
		032053EC29D9F8BF0022DA86 /* Products */ = {
			isa = PBXGroup;
			children = (
				032053EB29D9F8BF0022DA86 /* GRDBDemo.app */,
				032053FB29D9F8C00022DA86 /* GRDBDemoTests.xctest */,
				0320540529D9F8C00022DA86 /* GRDBDemoUITests.xctest */,
			);
			name = Products;
			sourceTree = "<group>";
		};
		032053ED29D9F8BF0022DA86 /* GRDBDemo */ = {
			isa = PBXGroup;
			children = (
				032053EE29D9F8BF0022DA86 /* GRDBDemoApp.swift */,
				032053F029D9F8BF0022DA86 /* ContentView.swift */,
				032053F229D9F8C00022DA86 /* Assets.xcassets */,
				032053F429D9F8C00022DA86 /* Preview Content */,
			);
			path = GRDBDemo;
			sourceTree = "<group>";
		};
		032053F429D9F8C00022DA86 /* Preview Content */ = {
			isa = PBXGroup;
			children = (
				032053F529D9F8C00022DA86 /* Preview Assets.xcassets */,
			);
			path = "Preview Content";
			sourceTree = "<group>";
		};
		032053FE29D9F8C00022DA86 /* GRDBDemoTests */ = {
			isa = PBXGroup;
			children = (
				032053FF29D9F8C00022DA86 /* GRDBDemoTests.swift */,
			);
			path = GRDBDemoTests;
			sourceTree = "<group>";
		};
		0320540829D9F8C00022DA86 /* GRDBDemoUITests */ = {
			isa = PBXGroup;
			children = (
				0320540929D9F8C00022DA86 /* GRDBDemoUITests.swift */,
				0320540B29D9F8C00022DA86 /* GRDBDemoUITestsLaunchTests.swift */,
			);
			path = GRDBDemoUITests;
			sourceTree = "<group>";
		};
/* End PBXGroup section */

/* Begin PBXNativeTarget section */
		032053EA29D9F8BF0022DA86 /* GRDBDemo */ = {
			isa = PBXNativeTarget;
			buildConfigurationList = 0320540F29D9F8C00022DA86 /* Build configuration list for PBXNativeTarget "GRDBDemo" */;
			buildPhases = (
				032053E729D9F8BF0022DA86 /* Sources */,
				032053E829D9F8BF0022DA86 /* Frameworks */,
				032053E929D9F8BF0022DA86 /* Resources */,
			);
			buildRules = (
			);
			dependencies = (
			);
			name = GRDBDemo;
			productName = GRDBDemo;
			productReference = 032053EB29D9F8BF0022DA86 /* GRDBDemo.app */;
			productType = "com.apple.product-type.application";
		};
		032053FA29D9F8C00022DA86 /* GRDBDemoTests */ = {
			isa = PBXNativeTarget;
			buildConfigurationList = 0320541229D9F8C00022DA86 /* Build configuration list for PBXNativeTarget "GRDBDemoTests" */;
			buildPhases = (
				032053F729D9F8C00022DA86 /* Sources */,
				032053F829D9F8C00022DA86 /* Frameworks */,
				032053F929D9F8C00022DA86 /* Resources */,
			);
			buildRules = (
			);
			dependencies = (
				032053FD29D9F8C00022DA86 /* PBXTargetDependency */,
			);
			name = GRDBDemoTests;
			productName = GRDBDemoTests;
			productReference = 032053FB29D9F8C00022DA86 /* GRDBDemoTests.xctest */;
			productType = "com.apple.product-type.bundle.unit-test";
		};
		0320540429D9F8C00022DA86 /* GRDBDemoUITests */ = {
			isa = PBXNativeTarget;
			buildConfigurationList = 0320541529D9F8C00022DA86 /* Build configuration list for PBXNativeTarget "GRDBDemoUITests" */;
			buildPhases = (
				0320540129D9F8C00022DA86 /* Sources */,
				0320540229D9F8C00022DA86 /* Frameworks */,
				0320540329D9F8C00022DA86 /* Resources */,
			);
			buildRules = (
			);
			dependencies = (
				0320540729D9F8C00022DA86 /* PBXTargetDependency */,
			);
			name = GRDBDemoUITests;
			productName = GRDBDemoUITests;
			productReference = 0320540529D9F8C00022DA86 /* GRDBDemoUITests.xctest */;
			productType = "com.apple.product-type.bundle.ui-testing";
		};
/* End PBXNativeTarget section */

/* Begin PBXProject section */
		032053E329D9F8BF0022DA86 /* Project object */ = {
			isa = PBXProject;
			attributes = {
				BuildIndependentTargetsInParallel = 1;
				LastSwiftUpdateCheck = 1430;
				LastUpgradeCheck = 1430;
				TargetAttributes = {
					032053EA29D9F8BF0022DA86 = {
						CreatedOnToolsVersion = 14.3;
					};
					032053FA29D9F8C00022DA86 = {
						CreatedOnToolsVersion = 14.3;
						TestTargetID = 032053EA29D9F8BF0022DA86;
					};
					0320540429D9F8C00022DA86 = {
						CreatedOnToolsVersion = 14.3;
						TestTargetID = 032053EA29D9F8BF0022DA86;
					};
				};
			};
			buildConfigurationList = 032053E629D9F8BF0022DA86 /* Build configuration list for PBXProject "GRDBDemo" */;
			compatibilityVersion = "Xcode 14.0";
			developmentRegion = en;
			hasScannedForEncodings = 0;
			knownRegions = (
				en,
				Base,
			);
			mainGroup = 032053E229D9F8BF0022DA86;
			productRefGroup = 032053EC29D9F8BF0022DA86 /* Products */;
			projectDirPath = "";
			projectRoot = "";
			targets = (
				032053EA29D9F8BF0022DA86 /* GRDBDemo */,
				032053FA29D9F8C00022DA86 /* GRDBDemoTests */,
				0320540429D9F8C00022DA86 /* GRDBDemoUITests */,
			);
		};
/* End PBXProject section */

/* Begin PBXResourcesBuildPhase section */
		032053E929D9F8BF0022DA86 /* Resources */ = {
			isa = PBXResourcesBuildPhase;
			buildActionMask = 2147483647;
			files = (
				032053F629D9F8C00022DA86 /* Preview Assets.xcassets in Resources */,
				032053F329D9F8C00022DA86 /* Assets.xcassets in Resources */,
			);
			runOnlyForDeploymentPostprocessing = 0;
		};
		032053F929D9F8C00022DA86 /* Resources */ = {
			isa = PBXResourcesBuildPhase;
			buildActionMask = 2147483647;
			files = (
			);
			runOnlyForDeploymentPostprocessing = 0;
		};
		0320540329D9F8C00022DA86 /* Resources */ = {
			isa = PBXResourcesBuildPhase;
			buildActionMask = 2147483647;
			files = (
			);
			runOnlyForDeploymentPostprocessing = 0;
		};
/* End PBXResourcesBuildPhase section */

/* Begin PBXSourcesBuildPhase section */
		032053E729D9F8BF0022DA86 /* Sources */ = {
			isa = PBXSourcesBuildPhase;
			buildActionMask = 2147483647;
			files = (
				032053F129D9F8BF0022DA86 /* ContentView.swift in Sources */,
				032053EF29D9F8BF0022DA86 /* GRDBDemoApp.swift in Sources */,
			);
			runOnlyForDeploymentPostprocessing = 0;
		};
		032053F729D9F8C00022DA86 /* Sources */ = {
			isa = PBXSourcesBuildPhase;
			buildActionMask = 2147483647;
			files = (
				0320540029D9F8C00022DA86 /* GRDBDemoTests.swift in Sources */,
			);
			runOnlyForDeploymentPostprocessing = 0;
		};
		0320540129D9F8C00022DA86 /* Sources */ = {
			isa = PBXSourcesBuildPhase;
			buildActionMask = 2147483647;
			files = (
				0320540C29D9F8C00022DA86 /* GRDBDemoUITestsLaunchTests.swift in Sources */,
				0320540A29D9F8C00022DA86 /* GRDBDemoUITests.swift in Sources */,
			);
			runOnlyForDeploymentPostprocessing = 0;
		};
/* End PBXSourcesBuildPhase section */

/* Begin PBXTargetDependency section */
		032053FD29D9F8C00022DA86 /* PBXTargetDependency */ = {
			isa = PBXTargetDependency;
			target = 032053EA29D9F8BF0022DA86 /* GRDBDemo */;
			targetProxy = 032053FC29D9F8C00022DA86 /* PBXContainerItemProxy */;
		};
		0320540729D9F8C00022DA86 /* PBXTargetDependency */ = {
			isa = PBXTargetDependency;
			target = 032053EA29D9F8BF0022DA86 /* GRDBDemo */;
			targetProxy = 0320540629D9F8C00022DA86 /* PBXContainerItemProxy */;
		};
/* End PBXTargetDependency section */

/* Begin XCBuildConfiguration section */
		0320540D29D9F8C00022DA86 /* Debug */ = {
			isa = XCBuildConfiguration;
			buildSettings = {
				ALWAYS_SEARCH_USER_PATHS = NO;
				CLANG_ANALYZER_NONNULL = YES;
				CLANG_ANALYZER_NUMBER_OBJECT_CONVERSION = YES_AGGRESSIVE;
				CLANG_CXX_LANGUAGE_STANDARD = "gnu++20";
				CLANG_ENABLE_MODULES = YES;
				CLANG_ENABLE_OBJC_ARC = YES;
				CLANG_ENABLE_OBJC_WEAK = YES;
				CLANG_WARN_BLOCK_CAPTURE_AUTORELEASING = YES;
				CLANG_WARN_BOOL_CONVERSION = YES;
				CLANG_WARN_COMMA = YES;
				CLANG_WARN_CONSTANT_CONVERSION = YES;
				CLANG_WARN_DEPRECATED_OBJC_IMPLEMENTATIONS = YES;
				CLANG_WARN_DIRECT_OBJC_ISA_USAGE = YES_ERROR;
				CLANG_WARN_DOCUMENTATION_COMMENTS = YES;
				CLANG_WARN_EMPTY_BODY = YES;
				CLANG_WARN_ENUM_CONVERSION = YES;
				CLANG_WARN_INFINITE_RECURSION = YES;
				CLANG_WARN_INT_CONVERSION = YES;
				CLANG_WARN_NON_LITERAL_NULL_CONVERSION = YES;
				CLANG_WARN_OBJC_IMPLICIT_RETAIN_SELF = YES;
				CLANG_WARN_OBJC_LITERAL_CONVERSION = YES;
				CLANG_WARN_OBJC_ROOT_CLASS = YES_ERROR;
				CLANG_WARN_QUOTED_INCLUDE_IN_FRAMEWORK_HEADER = YES;
				CLANG_WARN_RANGE_LOOP_ANALYSIS = YES;
				CLANG_WARN_STRICT_PROTOTYPES = YES;
				CLANG_WARN_SUSPICIOUS_MOVE = YES;
				CLANG_WARN_UNGUARDED_AVAILABILITY = YES_AGGRESSIVE;
				CLANG_WARN_UNREACHABLE_CODE = YES;
				CLANG_WARN__DUPLICATE_METHOD_MATCH = YES;
				COPY_PHASE_STRIP = NO;
				DEBUG_INFORMATION_FORMAT = dwarf;
				ENABLE_STRICT_OBJC_MSGSEND = YES;
				ENABLE_TESTABILITY = YES;
				GCC_C_LANGUAGE_STANDARD = gnu11;
				GCC_DYNAMIC_NO_PIC = NO;
				GCC_NO_COMMON_BLOCKS = YES;
				GCC_OPTIMIZATION_LEVEL = 0;
				GCC_PREPROCESSOR_DEFINITIONS = (
					"DEBUG=1",
					"$(inherited)",
				);
				GCC_WARN_64_TO_32_BIT_CONVERSION = YES;
				GCC_WARN_ABOUT_RETURN_TYPE = YES_ERROR;
				GCC_WARN_UNDECLARED_SELECTOR = YES;
				GCC_WARN_UNINITIALIZED_AUTOS = YES_AGGRESSIVE;
				GCC_WARN_UNUSED_FUNCTION = YES;
				GCC_WARN_UNUSED_VARIABLE = YES;
				IPHONEOS_DEPLOYMENT_TARGET = 16.4;
				MTL_ENABLE_DEBUG_INFO = INCLUDE_SOURCE;
				MTL_FAST_MATH = YES;
				ONLY_ACTIVE_ARCH = YES;
				SDKROOT = iphoneos;
				SWIFT_ACTIVE_COMPILATION_CONDITIONS = DEBUG;
				SWIFT_OPTIMIZATION_LEVEL = "-Onone";
			};
			name = Debug;
		};
		0320540E29D9F8C00022DA86 /* Release */ = {
			isa = XCBuildConfiguration;
			buildSettings = {
				ALWAYS_SEARCH_USER_PATHS = NO;
				CLANG_ANALYZER_NONNULL = YES;
				CLANG_ANALYZER_NUMBER_OBJECT_CONVERSION = YES_AGGRESSIVE;
				CLANG_CXX_LANGUAGE_STANDARD = "gnu++20";
				CLANG_ENABLE_MODULES = YES;
				CLANG_ENABLE_OBJC_ARC = YES;
				CLANG_ENABLE_OBJC_WEAK = YES;
				CLANG_WARN_BLOCK_CAPTURE_AUTORELEASING = YES;
				CLANG_WARN_BOOL_CONVERSION = YES;
				CLANG_WARN_COMMA = YES;
				CLANG_WARN_CONSTANT_CONVERSION = YES;
				CLANG_WARN_DEPRECATED_OBJC_IMPLEMENTATIONS = YES;
				CLANG_WARN_DIRECT_OBJC_ISA_USAGE = YES_ERROR;
				CLANG_WARN_DOCUMENTATION_COMMENTS = YES;
				CLANG_WARN_EMPTY_BODY = YES;
				CLANG_WARN_ENUM_CONVERSION = YES;
				CLANG_WARN_INFINITE_RECURSION = YES;
				CLANG_WARN_INT_CONVERSION = YES;
				CLANG_WARN_NON_LITERAL_NULL_CONVERSION = YES;
				CLANG_WARN_OBJC_IMPLICIT_RETAIN_SELF = YES;
				CLANG_WARN_OBJC_LITERAL_CONVERSION = YES;
				CLANG_WARN_OBJC_ROOT_CLASS = YES_ERROR;
				CLANG_WARN_QUOTED_INCLUDE_IN_FRAMEWORK_HEADER = YES;
				CLANG_WARN_RANGE_LOOP_ANALYSIS = YES;
				CLANG_WARN_STRICT_PROTOTYPES = YES;
				CLANG_WARN_SUSPICIOUS_MOVE = YES;
				CLANG_WARN_UNGUARDED_AVAILABILITY = YES_AGGRESSIVE;
				CLANG_WARN_UNREACHABLE_CODE = YES;
				CLANG_WARN__DUPLICATE_METHOD_MATCH = YES;
				COPY_PHASE_STRIP = NO;
				DEBUG_INFORMATION_FORMAT = "dwarf-with-dsym";
				ENABLE_NS_ASSERTIONS = NO;
				ENABLE_STRICT_OBJC_MSGSEND = YES;
				GCC_C_LANGUAGE_STANDARD = gnu11;
				GCC_NO_COMMON_BLOCKS = YES;
				GCC_WARN_64_TO_32_BIT_CONVERSION = YES;
				GCC_WARN_ABOUT_RETURN_TYPE = YES_ERROR;
				GCC_WARN_UNDECLARED_SELECTOR = YES;
				GCC_WARN_UNINITIALIZED_AUTOS = YES_AGGRESSIVE;
				GCC_WARN_UNUSED_FUNCTION = YES;
				GCC_WARN_UNUSED_VARIABLE = YES;
				IPHONEOS_DEPLOYMENT_TARGET = 16.4;
				MTL_ENABLE_DEBUG_INFO = NO;
				MTL_FAST_MATH = YES;
				SDKROOT = iphoneos;
				SWIFT_COMPILATION_MODE = wholemodule;
				SWIFT_OPTIMIZATION_LEVEL = "-O";
				VALIDATE_PRODUCT = YES;
			};
			name = Release;
		};
		0320541029D9F8C00022DA86 /* Debug */ = {
			isa = XCBuildConfiguration;
			buildSettings = {
				ASSETCATALOG_COMPILER_APPICON_NAME = AppIcon;
				ASSETCATALOG_COMPILER_GLOBAL_ACCENT_COLOR_NAME = AccentColor;
				CODE_SIGN_STYLE = Automatic;
				CURRENT_PROJECT_VERSION = 1;
				DEVELOPMENT_ASSET_PATHS = "\"GRDBDemo/Preview Content\"";
				DEVELOPMENT_TEAM = FQMFVK55K7;
				ENABLE_PREVIEWS = YES;
				GENERATE_INFOPLIST_FILE = YES;
				INFOPLIST_KEY_UIApplicationSceneManifest_Generation = YES;
				INFOPLIST_KEY_UIApplicationSupportsIndirectInputEvents = YES;
				INFOPLIST_KEY_UILaunchScreen_Generation = YES;
				INFOPLIST_KEY_UISupportedInterfaceOrientations_iPad = "UIInterfaceOrientationPortrait UIInterfaceOrientationPortraitUpsideDown UIInterfaceOrientationLandscapeLeft UIInterfaceOrientationLandscapeRight";
				INFOPLIST_KEY_UISupportedInterfaceOrientations_iPhone = "UIInterfaceOrientationPortrait UIInterfaceOrientationLandscapeLeft UIInterfaceOrientationLandscapeRight";
				LD_RUNPATH_SEARCH_PATHS = (
					"$(inherited)",
					"@executable_path/Frameworks",
				);
				MARKETING_VERSION = 1.0;
				PRODUCT_BUNDLE_IDENTIFIER = com.dave256apps.GRDBDemo;
				PRODUCT_NAME = "$(TARGET_NAME)";
				SWIFT_EMIT_LOC_STRINGS = YES;
				SWIFT_VERSION = 5.0;
				TARGETED_DEVICE_FAMILY = "1,2";
			};
			name = Debug;
		};
		0320541129D9F8C00022DA86 /* Release */ = {
			isa = XCBuildConfiguration;
			buildSettings = {
				ASSETCATALOG_COMPILER_APPICON_NAME = AppIcon;
				ASSETCATALOG_COMPILER_GLOBAL_ACCENT_COLOR_NAME = AccentColor;
				CODE_SIGN_STYLE = Automatic;
				CURRENT_PROJECT_VERSION = 1;
				DEVELOPMENT_ASSET_PATHS = "\"GRDBDemo/Preview Content\"";
				DEVELOPMENT_TEAM = FQMFVK55K7;
				ENABLE_PREVIEWS = YES;
				GENERATE_INFOPLIST_FILE = YES;
				INFOPLIST_KEY_UIApplicationSceneManifest_Generation = YES;
				INFOPLIST_KEY_UIApplicationSupportsIndirectInputEvents = YES;
				INFOPLIST_KEY_UILaunchScreen_Generation = YES;
				INFOPLIST_KEY_UISupportedInterfaceOrientations_iPad = "UIInterfaceOrientationPortrait UIInterfaceOrientationPortraitUpsideDown UIInterfaceOrientationLandscapeLeft UIInterfaceOrientationLandscapeRight";
				INFOPLIST_KEY_UISupportedInterfaceOrientations_iPhone = "UIInterfaceOrientationPortrait UIInterfaceOrientationLandscapeLeft UIInterfaceOrientationLandscapeRight";
				LD_RUNPATH_SEARCH_PATHS = (
					"$(inherited)",
					"@executable_path/Frameworks",
				);
				MARKETING_VERSION = 1.0;
				PRODUCT_BUNDLE_IDENTIFIER = com.dave256apps.GRDBDemo;
				PRODUCT_NAME = "$(TARGET_NAME)";
				SWIFT_EMIT_LOC_STRINGS = YES;
				SWIFT_VERSION = 5.0;
				TARGETED_DEVICE_FAMILY = "1,2";
			};
			name = Release;
		};
		0320541329D9F8C00022DA86 /* Debug */ = {
			isa = XCBuildConfiguration;
			buildSettings = {
				ALWAYS_EMBED_SWIFT_STANDARD_LIBRARIES = YES;
				BUNDLE_LOADER = "$(TEST_HOST)";
				CODE_SIGN_STYLE = Automatic;
				CURRENT_PROJECT_VERSION = 1;
				DEVELOPMENT_TEAM = FQMFVK55K7;
				GENERATE_INFOPLIST_FILE = YES;
				IPHONEOS_DEPLOYMENT_TARGET = 16.4;
				MARKETING_VERSION = 1.0;
				PRODUCT_BUNDLE_IDENTIFIER = com.dave256apps.GRDBDemoTests;
				PRODUCT_NAME = "$(TARGET_NAME)";
				SWIFT_EMIT_LOC_STRINGS = NO;
				SWIFT_VERSION = 5.0;
				TARGETED_DEVICE_FAMILY = "1,2";
				TEST_HOST = "$(BUILT_PRODUCTS_DIR)/GRDBDemo.app/$(BUNDLE_EXECUTABLE_FOLDER_PATH)/GRDBDemo";
			};
			name = Debug;
		};
		0320541429D9F8C00022DA86 /* Release */ = {
			isa = XCBuildConfiguration;
			buildSettings = {
				ALWAYS_EMBED_SWIFT_STANDARD_LIBRARIES = YES;
				BUNDLE_LOADER = "$(TEST_HOST)";
				CODE_SIGN_STYLE = Automatic;
				CURRENT_PROJECT_VERSION = 1;
				DEVELOPMENT_TEAM = FQMFVK55K7;
				GENERATE_INFOPLIST_FILE = YES;
				IPHONEOS_DEPLOYMENT_TARGET = 16.4;
				MARKETING_VERSION = 1.0;
				PRODUCT_BUNDLE_IDENTIFIER = com.dave256apps.GRDBDemoTests;
				PRODUCT_NAME = "$(TARGET_NAME)";
				SWIFT_EMIT_LOC_STRINGS = NO;
				SWIFT_VERSION = 5.0;
				TARGETED_DEVICE_FAMILY = "1,2";
				TEST_HOST = "$(BUILT_PRODUCTS_DIR)/GRDBDemo.app/$(BUNDLE_EXECUTABLE_FOLDER_PATH)/GRDBDemo";
			};
			name = Release;
		};
		0320541629D9F8C00022DA86 /* Debug */ = {
			isa = XCBuildConfiguration;
			buildSettings = {
				ALWAYS_EMBED_SWIFT_STANDARD_LIBRARIES = YES;
				CODE_SIGN_STYLE = Automatic;
				CURRENT_PROJECT_VERSION = 1;
				DEVELOPMENT_TEAM = FQMFVK55K7;
				GENERATE_INFOPLIST_FILE = YES;
				MARKETING_VERSION = 1.0;
				PRODUCT_BUNDLE_IDENTIFIER = com.dave256apps.GRDBDemoUITests;
				PRODUCT_NAME = "$(TARGET_NAME)";
				SWIFT_EMIT_LOC_STRINGS = NO;
				SWIFT_VERSION = 5.0;
				TARGETED_DEVICE_FAMILY = "1,2";
				TEST_TARGET_NAME = GRDBDemo;
			};
			name = Debug;
		};
		0320541729D9F8C00022DA86 /* Release */ = {
			isa = XCBuildConfiguration;
			buildSettings = {
				ALWAYS_EMBED_SWIFT_STANDARD_LIBRARIES = YES;
				CODE_SIGN_STYLE = Automatic;
				CURRENT_PROJECT_VERSION = 1;
				DEVELOPMENT_TEAM = FQMFVK55K7;
				GENERATE_INFOPLIST_FILE = YES;
				MARKETING_VERSION = 1.0;
				PRODUCT_BUNDLE_IDENTIFIER = com.dave256apps.GRDBDemoUITests;
				PRODUCT_NAME = "$(TARGET_NAME)";
				SWIFT_EMIT_LOC_STRINGS = NO;
				SWIFT_VERSION = 5.0;
				TARGETED_DEVICE_FAMILY = "1,2";
				TEST_TARGET_NAME = GRDBDemo;
			};
			name = Release;
		};
/* End XCBuildConfiguration section */

/* Begin XCConfigurationList section */
		032053E629D9F8BF0022DA86 /* Build configuration list for PBXProject "GRDBDemo" */ = {
			isa = XCConfigurationList;
			buildConfigurations = (
				0320540D29D9F8C00022DA86 /* Debug */,
				0320540E29D9F8C00022DA86 /* Release */,
			);
			defaultConfigurationIsVisible = 0;
			defaultConfigurationName = Release;
		};
		0320540F29D9F8C00022DA86 /* Build configuration list for PBXNativeTarget "GRDBDemo" */ = {
			isa = XCConfigurationList;
			buildConfigurations = (
				0320541029D9F8C00022DA86 /* Debug */,
				0320541129D9F8C00022DA86 /* Release */,
			);
			defaultConfigurationIsVisible = 0;
			defaultConfigurationName = Release;
		};
		0320541229D9F8C00022DA86 /* Build configuration list for PBXNativeTarget "GRDBDemoTests" */ = {
			isa = XCConfigurationList;
			buildConfigurations = (
				0320541329D9F8C00022DA86 /* Debug */,
				0320541429D9F8C00022DA86 /* Release */,
			);
			defaultConfigurationIsVisible = 0;
			defaultConfigurationName = Release;
		};
		0320541529D9F8C00022DA86 /* Build configuration list for PBXNativeTarget "GRDBDemoUITests" */ = {
			isa = XCConfigurationList;
			buildConfigurations = (
				0320541629D9F8C00022DA86 /* Debug */,
				0320541729D9F8C00022DA86 /* Release */,
			);
			defaultConfigurationIsVisible = 0;
			defaultConfigurationName = Release;
		};
/* End XCConfigurationList section */
	};
	rootObject = 032053E329D9F8BF0022DA86 /* Project object */;
}
